
Microsoft Visual Studio Solution File, Format Version 12.00
# Visual Studio 2013
VisualStudioVersion = 12.0.21005.1
MinimumVisualStudioVersion = 10.0.40219.1
Project("{2150E333-8FDC-42A3-9474-1A3956D46DE8}") = "Domain", "Domain", "{6DF385FA-B87D-4F35-AA8C-C7B5B090CE3C}"
EndProject
Project("{FAE04EC0-301F-11D3-BF4B-00C04F79EFBC}") = "EsbLog.Domain", "EsbLog.Domain\EsbLog.Domain.csproj", "{5822B29C-FF9C-4DFD-92A6-3DB386C11FB4}"
EndProject
Project("{2150E333-8FDC-42A3-9474-1A3956D46DE8}") = "Esb", "Esb", "{5FF89C64-D8D9-4FB2-AF55-C18E165470E5}"
EndProject
Project("{FAE04EC0-301F-11D3-BF4B-00C04F79EFBC}") = "EsbLog.Services", "EsbLog.Services\EsbLog.Services.csproj", "{A38A2D51-9505-45F1-AE36-ACB39B98E045}"
EndProject
Project("{FAE04EC0-301F-11D3-BF4B-00C04F79EFBC}") = "EsbLog.Log4Net", "EsbLog.Log4Net\EsbLog.Log4Net.csproj", "{0EC1A6F0-5866-4AD1-9D87-742BE0DB6DFF}"
EndProject
Project("{FAE04EC0-301F-11D3-BF4B-00C04F79EFBC}") = "EsbLog.Esb", "EsbLog.Esb\EsbLog.Esb.csproj", "{035464AF-EA2F-4C37-AD6D-E296E0C47B3E}"
EndProject
Project("{FAE04EC0-301F-11D3-BF4B-00C04F79EFBC}") = "EsbLog.Tools", "EsbLog.Tools\EsbLog.Tools.csproj", "{AAABC9FC-DA05-421F-993F-E01BB1739E24}"
EndProject
Project("{2150E333-8FDC-42A3-9474-1A3956D46DE8}") = "Platform", "Platform", "{A2B9A86A-2EF0-40B2-9B3E-399E5E275EBA}"
EndProject
Project("{FAE04EC0-301F-11D3-BF4B-00C04F79EFBC}") = "EsbLog.WebApi", "EsbLog.WebApi\EsbLog.WebApi.csproj", "{0BC5D12B-7119-4CC7-A2A6-34E15EEBDE0C}"
EndProject
Project("{FAE04EC0-301F-11D3-BF4B-00C04F79EFBC}") = "EsbLog.WebApi.Tests", "EsbLog.WebApi.Tests\EsbLog.WebApi.Tests.csproj", "{87652986-18D6-4449-A26C-3B67F8FCC2B3}"
EndProject
Project("{FAE04EC0-301F-11D3-BF4B-00C04F79EFBC}") = "EsbLog.Platform.Database", "EsbLog.Platform.DbContext\EsbLog.Platform.Database.csproj", "{70199047-1C62-4325-98FF-53363022B21D}"
EndProject
Project("{FAE04EC0-301F-11D3-BF4B-00C04F79EFBC}") = "EsbLog.Web", "EsbLog.Web\EsbLog.Web.csproj", "{EEC7276D-C9DD-47CC-843E-54BF42F3F979}"
EndProject
Project("{FAE04EC0-301F-11D3-BF4B-00C04F79EFBC}") = "EsbLog.Web.Repository", "EsbLog.Services\EsbLog.Web.Repository\EsbLog.Web.Repository.csproj", "{8EAB192C-0C4D-4E83-A7EF-637B53CBDCFB}"
EndProject
Project("{FAE04EC0-301F-11D3-BF4B-00C04F79EFBC}") = "EsbLog.Platform.Database.UnitTest", "EsbLog.Platform.Database.UnitTest\EsbLog.Platform.Database.UnitTest.csproj", "{CE817829-E939-46CE-8716-9ABE68979D9A}"
EndProject
Global
	GlobalSection(SolutionConfigurationPlatforms) = preSolution
		Debug|Any CPU = Debug|Any CPU
		Release|Any CPU = Release|Any CPU
	EndGlobalSection
	GlobalSection(ProjectConfigurationPlatforms) = postSolution
		{5822B29C-FF9C-4DFD-92A6-3DB386C11FB4}.Debug|Any CPU.ActiveCfg = Debug|Any CPU
		{5822B29C-FF9C-4DFD-92A6-3DB386C11FB4}.Debug|Any CPU.Build.0 = Debug|Any CPU
		{5822B29C-FF9C-4DFD-92A6-3DB386C11FB4}.Release|Any CPU.ActiveCfg = Release|Any CPU
		{5822B29C-FF9C-4DFD-92A6-3DB386C11FB4}.Release|Any CPU.Build.0 = Release|Any CPU
		{A38A2D51-9505-45F1-AE36-ACB39B98E045}.Debug|Any CPU.ActiveCfg = Debug|Any CPU
		{A38A2D51-9505-45F1-AE36-ACB39B98E045}.Debug|Any CPU.Build.0 = Debug|Any CPU
		{A38A2D51-9505-45F1-AE36-ACB39B98E045}.Release|Any CPU.ActiveCfg = Release|Any CPU
		{A38A2D51-9505-45F1-AE36-ACB39B98E045}.Release|Any CPU.Build.0 = Release|Any CPU
		{0EC1A6F0-5866-4AD1-9D87-742BE0DB6DFF}.Debug|Any CPU.ActiveCfg = Debug|Any CPU
		{0EC1A6F0-5866-4AD1-9D87-742BE0DB6DFF}.Debug|Any CPU.Build.0 = Debug|Any CPU
		{0EC1A6F0-5866-4AD1-9D87-742BE0DB6DFF}.Release|Any CPU.ActiveCfg = Release|Any CPU
		{0EC1A6F0-5866-4AD1-9D87-742BE0DB6DFF}.Release|Any CPU.Build.0 = Release|Any CPU
		{035464AF-EA2F-4C37-AD6D-E296E0C47B3E}.Debug|Any CPU.ActiveCfg = Debug|Any CPU
		{035464AF-EA2F-4C37-AD6D-E296E0C47B3E}.Debug|Any CPU.Build.0 = Debug|Any CPU
		{035464AF-EA2F-4C37-AD6D-E296E0C47B3E}.Release|Any CPU.ActiveCfg = Release|Any CPU
		{035464AF-EA2F-4C37-AD6D-E296E0C47B3E}.Release|Any CPU.Build.0 = Release|Any CPU
		{AAABC9FC-DA05-421F-993F-E01BB1739E24}.Debug|Any CPU.ActiveCfg = Debug|Any CPU
		{AAABC9FC-DA05-421F-993F-E01BB1739E24}.Debug|Any CPU.Build.0 = Debug|Any CPU
		{AAABC9FC-DA05-421F-993F-E01BB1739E24}.Release|Any CPU.ActiveCfg = Release|Any CPU
		{AAABC9FC-DA05-421F-993F-E01BB1739E24}.Release|Any CPU.Build.0 = Release|Any CPU
		{0BC5D12B-7119-4CC7-A2A6-34E15EEBDE0C}.Debug|Any CPU.ActiveCfg = Debug|Any CPU
		{0BC5D12B-7119-4CC7-A2A6-34E15EEBDE0C}.Debug|Any CPU.Build.0 = Debug|Any CPU
		{0BC5D12B-7119-4CC7-A2A6-34E15EEBDE0C}.Release|Any CPU.ActiveCfg = Release|Any CPU
		{0BC5D12B-7119-4CC7-A2A6-34E15EEBDE0C}.Release|Any CPU.Build.0 = Release|Any CPU
		{87652986-18D6-4449-A26C-3B67F8FCC2B3}.Debug|Any CPU.ActiveCfg = Debug|Any CPU
		{87652986-18D6-4449-A26C-3B67F8FCC2B3}.Debug|Any CPU.Build.0 = Debug|Any CPU
		{87652986-18D6-4449-A26C-3B67F8FCC2B3}.Release|Any CPU.ActiveCfg = Release|Any CPU
		{87652986-18D6-4449-A26C-3B67F8FCC2B3}.Release|Any CPU.Build.0 = Release|Any CPU
		{70199047-1C62-4325-98FF-53363022B21D}.Debug|Any CPU.ActiveCfg = Debug|Any CPU
		{70199047-1C62-4325-98FF-53363022B21D}.Debug|Any CPU.Build.0 = Debug|Any CPU
		{70199047-1C62-4325-98FF-53363022B21D}.Release|Any CPU.ActiveCfg = Release|Any CPU
		{70199047-1C62-4325-98FF-53363022B21D}.Release|Any CPU.Build.0 = Release|Any CPU
		{EEC7276D-C9DD-47CC-843E-54BF42F3F979}.Debug|Any CPU.ActiveCfg = Debug|Any CPU
		{EEC7276D-C9DD-47CC-843E-54BF42F3F979}.Debug|Any CPU.Build.0 = Debug|Any CPU
		{EEC7276D-C9DD-47CC-843E-54BF42F3F979}.Release|Any CPU.ActiveCfg = Release|Any CPU
		{EEC7276D-C9DD-47CC-843E-54BF42F3F979}.Release|Any CPU.Build.0 = Release|Any CPU
		{8EAB192C-0C4D-4E83-A7EF-637B53CBDCFB}.Debug|Any CPU.ActiveCfg = Debug|Any CPU
		{8EAB192C-0C4D-4E83-A7EF-637B53CBDCFB}.Debug|Any CPU.Build.0 = Debug|Any CPU
		{8EAB192C-0C4D-4E83-A7EF-637B53CBDCFB}.Release|Any CPU.ActiveCfg = Release|Any CPU
		{8EAB192C-0C4D-4E83-A7EF-637B53CBDCFB}.Release|Any CPU.Build.0 = Release|Any CPU
		{CE817829-E939-46CE-8716-9ABE68979D9A}.Debug|Any CPU.ActiveCfg = Debug|Any CPU
		{CE817829-E939-46CE-8716-9ABE68979D9A}.Debug|Any CPU.Build.0 = Debug|Any CPU
		{CE817829-E939-46CE-8716-9ABE68979D9A}.Release|Any CPU.ActiveCfg = Release|Any CPU
		{CE817829-E939-46CE-8716-9ABE68979D9A}.Release|Any CPU.Build.0 = Release|Any CPU
	EndGlobalSection
	GlobalSection(SolutionProperties) = preSolution
		HideSolutionNode = FALSE
	EndGlobalSection
	GlobalSection(NestedProjects) = preSolution
		{5822B29C-FF9C-4DFD-92A6-3DB386C11FB4} = {6DF385FA-B87D-4F35-AA8C-C7B5B090CE3C}
		{A38A2D51-9505-45F1-AE36-ACB39B98E045} = {5FF89C64-D8D9-4FB2-AF55-C18E165470E5}
		{0EC1A6F0-5866-4AD1-9D87-742BE0DB6DFF} = {5FF89C64-D8D9-4FB2-AF55-C18E165470E5}
		{035464AF-EA2F-4C37-AD6D-E296E0C47B3E} = {5FF89C64-D8D9-4FB2-AF55-C18E165470E5}
		{AAABC9FC-DA05-421F-993F-E01BB1739E24} = {5FF89C64-D8D9-4FB2-AF55-C18E165470E5}
		{0BC5D12B-7119-4CC7-A2A6-34E15EEBDE0C} = {A2B9A86A-2EF0-40B2-9B3E-399E5E275EBA}
		{87652986-18D6-4449-A26C-3B67F8FCC2B3} = {A2B9A86A-2EF0-40B2-9B3E-399E5E275EBA}
		{70199047-1C62-4325-98FF-53363022B21D} = {A2B9A86A-2EF0-40B2-9B3E-399E5E275EBA}
		{EEC7276D-C9DD-47CC-843E-54BF42F3F979} = {A2B9A86A-2EF0-40B2-9B3E-399E5E275EBA}
		{8EAB192C-0C4D-4E83-A7EF-637B53CBDCFB} = {A2B9A86A-2EF0-40B2-9B3E-399E5E275EBA}
		{CE817829-E939-46CE-8716-9ABE68979D9A} = {A2B9A86A-2EF0-40B2-9B3E-399E5E275EBA}
	EndGlobalSection
EndGlobal
